// !$*UTF8*$!
{
	archiveVersion = 1;
	classes = {
	};
	objectVersion = 60;
	objects = {

/* Begin PBXBuildFile section */
		1060B3622BAF2BD4008356E4 /* VPNApp.swift in Sources */ = {isa = PBXBuildFile; fileRef = 1060B3612BAF2BD4008356E4 /* VPNApp.swift */; };
		1060B3642BAF2BD4008356E4 /* ContentView.swift in Sources */ = {isa = PBXBuildFile; fileRef = 1060B3632BAF2BD4008356E4 /* ContentView.swift */; };
		1060B3662BAF2BD5008356E4 /* Assets.xcassets in Resources */ = {isa = PBXBuildFile; fileRef = 1060B3652BAF2BD5008356E4 /* Assets.xcassets */; };
		1060B3692BAF2BD5008356E4 /* Preview Assets.xcassets in Resources */ = {isa = PBXBuildFile; fileRef = 1060B3682BAF2BD5008356E4 /* Preview Assets.xcassets */; };
		10C2952E2BB7D09F00E2F191 /* NetworkExtension.framework in Frameworks */ = {isa = PBXBuildFile; fileRef = 10C2952D2BB7D09F00E2F191 /* NetworkExtension.framework */; };
		10C295312BB7D09F00E2F191 /* PacketTunnelProvider.swift in Sources */ = {isa = PBXBuildFile; fileRef = 10C295302BB7D09F00E2F191 /* PacketTunnelProvider.swift */; };
		10C295382BB7D0A400E2F191 /* Mudmouth in Frameworks */ = {isa = PBXBuildFile; productRef = 10C295372BB7D0A400E2F191 /* Mudmouth */; };
		10C295472BB7D36500E2F191 /* Mudmouth in Frameworks */ = {isa = PBXBuildFile; productRef = 10C295462BB7D36500E2F191 /* Mudmouth */; };
		10C295482BB7D85000E2F191 /* PacketTunnel.appex in Embed Foundation Extensions */ = {isa = PBXBuildFile; fileRef = 10C2952B2BB7D09F00E2F191 /* PacketTunnel.appex */; settings = {ATTRIBUTES = (RemoveHeadersOnCopy, ); }; };
		10C295502BB814D000E2F191 /* Mudmouth in Frameworks */ = {isa = PBXBuildFile; productRef = 10C2954F2BB814D000E2F191 /* Mudmouth */; };
		10C295532BB862FE00E2F191 /* Mudmouth in Frameworks */ = {isa = PBXBuildFile; productRef = 10C295522BB862FE00E2F191 /* Mudmouth */; };
/* End PBXBuildFile section */

/* Begin PBXContainerItemProxy section */
		10C295492BB7D85000E2F191 /* PBXContainerItemProxy */ = {
			isa = PBXContainerItemProxy;
			containerPortal = 1060B3562BAF2BD4008356E4 /* Project object */;
			proxyType = 1;
			remoteGlobalIDString = 10C2952A2BB7D09F00E2F191;
			remoteInfo = PacketTunnel;
		};
/* End PBXContainerItemProxy section */

/* Begin PBXCopyFilesBuildPhase section */
		10C2954B2BB7D85000E2F191 /* Embed Foundation Extensions */ = {
			isa = PBXCopyFilesBuildPhase;
			buildActionMask = 2147483647;
			dstPath = "";
			dstSubfolderSpec = 13;
			files = (
				10C295482BB7D85000E2F191 /* PacketTunnel.appex in Embed Foundation Extensions */,
			);
			name = "Embed Foundation Extensions";
			runOnlyForDeploymentPostprocessing = 0;
		};
/* End PBXCopyFilesBuildPhase section */

/* Begin PBXFileReference section */
		1060B35E2BAF2BD4008356E4 /* VPN.app */ = {isa = PBXFileReference; explicitFileType = wrapper.application; includeInIndex = 0; path = VPN.app; sourceTree = BUILT_PRODUCTS_DIR; };
		1060B3612BAF2BD4008356E4 /* VPNApp.swift */ = {isa = PBXFileReference; lastKnownFileType = sourcecode.swift; path = VPNApp.swift; sourceTree = "<group>"; };
		1060B3632BAF2BD4008356E4 /* ContentView.swift */ = {isa = PBXFileReference; lastKnownFileType = sourcecode.swift; path = ContentView.swift; sourceTree = "<group>"; };
		1060B3652BAF2BD5008356E4 /* Assets.xcassets */ = {isa = PBXFileReference; lastKnownFileType = folder.assetcatalog; path = Assets.xcassets; sourceTree = "<group>"; };
		1060B3682BAF2BD5008356E4 /* Preview Assets.xcassets */ = {isa = PBXFileReference; lastKnownFileType = folder.assetcatalog; path = "Preview Assets.xcassets"; sourceTree = "<group>"; };
		10C2952B2BB7D09F00E2F191 /* PacketTunnel.appex */ = {isa = PBXFileReference; explicitFileType = "wrapper.app-extension"; includeInIndex = 0; path = PacketTunnel.appex; sourceTree = BUILT_PRODUCTS_DIR; };
		10C2952D2BB7D09F00E2F191 /* NetworkExtension.framework */ = {isa = PBXFileReference; lastKnownFileType = wrapper.framework; name = NetworkExtension.framework; path = System/Library/Frameworks/NetworkExtension.framework; sourceTree = SDKROOT; };
		10C295302BB7D09F00E2F191 /* PacketTunnelProvider.swift */ = {isa = PBXFileReference; lastKnownFileType = sourcecode.swift; path = PacketTunnelProvider.swift; sourceTree = "<group>"; };
		10C295322BB7D09F00E2F191 /* Info.plist */ = {isa = PBXFileReference; lastKnownFileType = text.plist.xml; path = Info.plist; sourceTree = "<group>"; };
		10C295332BB7D09F00E2F191 /* PacketTunnel.entitlements */ = {isa = PBXFileReference; lastKnownFileType = text.plist.entitlements; path = PacketTunnel.entitlements; sourceTree = "<group>"; };
		10C295392BB7D0BB00E2F191 /* VPN.entitlements */ = {isa = PBXFileReference; lastKnownFileType = text.plist.entitlements; path = VPN.entitlements; sourceTree = "<group>"; };
		10C295542BB8631200E2F191 /* Mudmouth */ = {isa = PBXFileReference; lastKnownFileType = wrapper; name = Mudmouth; path = ..; sourceTree = "<group>"; };
		10E215F42BBE3ED30079113E /* Info.plist */ = {isa = PBXFileReference; lastKnownFileType = text.plist.xml; path = Info.plist; sourceTree = "<group>"; };
/* End PBXFileReference section */

/* Begin PBXFrameworksBuildPhase section */
		1060B35B2BAF2BD4008356E4 /* Frameworks */ = {
			isa = PBXFrameworksBuildPhase;
			buildActionMask = 2147483647;
			files = (
				10C295472BB7D36500E2F191 /* Mudmouth in Frameworks */,
				10C295502BB814D000E2F191 /* Mudmouth in Frameworks */,
				10C295532BB862FE00E2F191 /* Mudmouth in Frameworks */,
			);
			runOnlyForDeploymentPostprocessing = 0;
		};
		10C295282BB7D09F00E2F191 /* Frameworks */ = {
			isa = PBXFrameworksBuildPhase;
			buildActionMask = 2147483647;
			files = (
				10C2952E2BB7D09F00E2F191 /* NetworkExtension.framework in Frameworks */,
				10C295382BB7D0A400E2F191 /* Mudmouth in Frameworks */,
			);
			runOnlyForDeploymentPostprocessing = 0;
		};
/* End PBXFrameworksBuildPhase section */

/* Begin PBXGroup section */
		1060B3552BAF2BD4008356E4 = {
			isa = PBXGroup;
			children = (
				10C295542BB8631200E2F191 /* Mudmouth */,
				1060B3602BAF2BD4008356E4 /* VPN */,
				10C2952F2BB7D09F00E2F191 /* PacketTunnel */,
				10C2952C2BB7D09F00E2F191 /* Frameworks */,
				1060B35F2BAF2BD4008356E4 /* Products */,
			);
			sourceTree = "<group>";
		};
		1060B35F2BAF2BD4008356E4 /* Products */ = {
			isa = PBXGroup;
			children = (
				1060B35E2BAF2BD4008356E4 /* VPN.app */,
				10C2952B2BB7D09F00E2F191 /* PacketTunnel.appex */,
			);
			name = Products;
			sourceTree = "<group>";
		};
		1060B3602BAF2BD4008356E4 /* VPN */ = {
			isa = PBXGroup;
			children = (
				10E215F42BBE3ED30079113E /* Info.plist */,
				10C295392BB7D0BB00E2F191 /* VPN.entitlements */,
				1060B3612BAF2BD4008356E4 /* VPNApp.swift */,
				1060B3632BAF2BD4008356E4 /* ContentView.swift */,
				1060B3652BAF2BD5008356E4 /* Assets.xcassets */,
				1060B3672BAF2BD5008356E4 /* Preview Content */,
			);
			path = VPN;
			sourceTree = "<group>";
		};
		1060B3672BAF2BD5008356E4 /* Preview Content */ = {
			isa = PBXGroup;
			children = (
				1060B3682BAF2BD5008356E4 /* Preview Assets.xcassets */,
			);
			path = "Preview Content";
			sourceTree = "<group>";
		};
		10C2952C2BB7D09F00E2F191 /* Frameworks */ = {
			isa = PBXGroup;
			children = (
				10C2952D2BB7D09F00E2F191 /* NetworkExtension.framework */,
			);
			name = Frameworks;
			sourceTree = "<group>";
		};
		10C2952F2BB7D09F00E2F191 /* PacketTunnel */ = {
			isa = PBXGroup;
			children = (
				10C295302BB7D09F00E2F191 /* PacketTunnelProvider.swift */,
				10C295322BB7D09F00E2F191 /* Info.plist */,
				10C295332BB7D09F00E2F191 /* PacketTunnel.entitlements */,
			);
			path = PacketTunnel;
			sourceTree = "<group>";
		};
/* End PBXGroup section */

/* Begin PBXNativeTarget section */
		1060B35D2BAF2BD4008356E4 /* VPN */ = {
			isa = PBXNativeTarget;
			buildConfigurationList = 1060B36C2BAF2BD5008356E4 /* Build configuration list for PBXNativeTarget "VPN" */;
			buildPhases = (
				1060B35A2BAF2BD4008356E4 /* Sources */,
				1060B35B2BAF2BD4008356E4 /* Frameworks */,
				1060B35C2BAF2BD4008356E4 /* Resources */,
				10C2954B2BB7D85000E2F191 /* Embed Foundation Extensions */,
			);
			buildRules = (
			);
			dependencies = (
				10C2954A2BB7D85000E2F191 /* PBXTargetDependency */,
			);
			name = VPN;
			packageProductDependencies = (
				10C295462BB7D36500E2F191 /* Mudmouth */,
				10C2954F2BB814D000E2F191 /* Mudmouth */,
				10C295522BB862FE00E2F191 /* Mudmouth */,
			);
			productName = VPN;
			productReference = 1060B35E2BAF2BD4008356E4 /* VPN.app */;
			productType = "com.apple.product-type.application";
		};
		10C2952A2BB7D09F00E2F191 /* PacketTunnel */ = {
			isa = PBXNativeTarget;
			buildConfigurationList = 10C295342BB7D09F00E2F191 /* Build configuration list for PBXNativeTarget "PacketTunnel" */;
			buildPhases = (
				10C295272BB7D09F00E2F191 /* Sources */,
				10C295282BB7D09F00E2F191 /* Frameworks */,
				10C295292BB7D09F00E2F191 /* Resources */,
			);
			buildRules = (
			);
			dependencies = (
			);
			name = PacketTunnel;
			packageProductDependencies = (
				10C295372BB7D0A400E2F191 /* Mudmouth */,
			);
			productName = PacketTunnel;
			productReference = 10C2952B2BB7D09F00E2F191 /* PacketTunnel.appex */;
			productType = "com.apple.product-type.app-extension";
		};
/* End PBXNativeTarget section */

/* Begin PBXProject section */
		1060B3562BAF2BD4008356E4 /* Project object */ = {
			isa = PBXProject;
			attributes = {
				BuildIndependentTargetsInParallel = 1;
				LastSwiftUpdateCheck = 1500;
				LastUpgradeCheck = 1500;
				TargetAttributes = {
					1060B35D2BAF2BD4008356E4 = {
						CreatedOnToolsVersion = 15.0.1;
					};
					10C2952A2BB7D09F00E2F191 = {
						CreatedOnToolsVersion = 15.0.1;
					};
				};
			};
			buildConfigurationList = 1060B3592BAF2BD4008356E4 /* Build configuration list for PBXProject "VPN" */;
			compatibilityVersion = "Xcode 14.0";
			developmentRegion = en;
			hasScannedForEncodings = 0;
			knownRegions = (
				en,
				Base,
			);
			mainGroup = 1060B3552BAF2BD4008356E4;
			packageReferences = (
				10C295512BB862FE00E2F191 /* XCLocalSwiftPackageReference ".." */,
			);
			productRefGroup = 1060B35F2BAF2BD4008356E4 /* Products */;
			projectDirPath = "";
			projectRoot = "";
			targets = (
				1060B35D2BAF2BD4008356E4 /* VPN */,
				10C2952A2BB7D09F00E2F191 /* PacketTunnel */,
			);
		};
/* End PBXProject section */

/* Begin PBXResourcesBuildPhase section */
		1060B35C2BAF2BD4008356E4 /* Resources */ = {
			isa = PBXResourcesBuildPhase;
			buildActionMask = 2147483647;
			files = (
				1060B3692BAF2BD5008356E4 /* Preview Assets.xcassets in Resources */,
				1060B3662BAF2BD5008356E4 /* Assets.xcassets in Resources */,
			);
			runOnlyForDeploymentPostprocessing = 0;
		};
		10C295292BB7D09F00E2F191 /* Resources */ = {
			isa = PBXResourcesBuildPhase;
			buildActionMask = 2147483647;
			files = (
			);
			runOnlyForDeploymentPostprocessing = 0;
		};
/* End PBXResourcesBuildPhase section */

/* Begin PBXSourcesBuildPhase section */
		1060B35A2BAF2BD4008356E4 /* Sources */ = {
			isa = PBXSourcesBuildPhase;
			buildActionMask = 2147483647;
			files = (
				1060B3642BAF2BD4008356E4 /* ContentView.swift in Sources */,
				1060B3622BAF2BD4008356E4 /* VPNApp.swift in Sources */,
			);
			runOnlyForDeploymentPostprocessing = 0;
		};
		10C295272BB7D09F00E2F191 /* Sources */ = {
			isa = PBXSourcesBuildPhase;
			buildActionMask = 2147483647;
			files = (
				10C295312BB7D09F00E2F191 /* PacketTunnelProvider.swift in Sources */,
			);
			runOnlyForDeploymentPostprocessing = 0;
		};
/* End PBXSourcesBuildPhase section */

/* Begin PBXTargetDependency section */
		10C2954A2BB7D85000E2F191 /* PBXTargetDependency */ = {
			isa = PBXTargetDependency;
			target = 10C2952A2BB7D09F00E2F191 /* PacketTunnel */;
			targetProxy = 10C295492BB7D85000E2F191 /* PBXContainerItemProxy */;
		};
/* End PBXTargetDependency section */

/* Begin XCBuildConfiguration section */
		1060B36A2BAF2BD5008356E4 /* Debug */ = {
			isa = XCBuildConfiguration;
			buildSettings = {
				ALWAYS_SEARCH_USER_PATHS = NO;
				ASSETCATALOG_COMPILER_GENERATE_SWIFT_ASSET_SYMBOL_EXTENSIONS = YES;
				CLANG_ANALYZER_NONNULL = YES;
				CLANG_ANALYZER_NUMBER_OBJECT_CONVERSION = YES_AGGRESSIVE;
				CLANG_CXX_LANGUAGE_STANDARD = "gnu++20";
				CLANG_ENABLE_MODULES = YES;
				CLANG_ENABLE_OBJC_ARC = YES;
				CLANG_ENABLE_OBJC_WEAK = YES;
				CLANG_WARN_BLOCK_CAPTURE_AUTORELEASING = YES;
				CLANG_WARN_BOOL_CONVERSION = YES;
				CLANG_WARN_COMMA = YES;
				CLANG_WARN_CONSTANT_CONVERSION = YES;
				CLANG_WARN_DEPRECATED_OBJC_IMPLEMENTATIONS = YES;
				CLANG_WARN_DIRECT_OBJC_ISA_USAGE = YES_ERROR;
				CLANG_WARN_DOCUMENTATION_COMMENTS = YES;
				CLANG_WARN_EMPTY_BODY = YES;
				CLANG_WARN_ENUM_CONVERSION = YES;
				CLANG_WARN_INFINITE_RECURSION = YES;
				CLANG_WARN_INT_CONVERSION = YES;
				CLANG_WARN_NON_LITERAL_NULL_CONVERSION = YES;
				CLANG_WARN_OBJC_IMPLICIT_RETAIN_SELF = YES;
				CLANG_WARN_OBJC_LITERAL_CONVERSION = YES;
				CLANG_WARN_OBJC_ROOT_CLASS = YES_ERROR;
				CLANG_WARN_QUOTED_INCLUDE_IN_FRAMEWORK_HEADER = YES;
				CLANG_WARN_RANGE_LOOP_ANALYSIS = YES;
				CLANG_WARN_STRICT_PROTOTYPES = YES;
				CLANG_WARN_SUSPICIOUS_MOVE = YES;
				CLANG_WARN_UNGUARDED_AVAILABILITY = YES_AGGRESSIVE;
				CLANG_WARN_UNREACHABLE_CODE = YES;
				CLANG_WARN__DUPLICATE_METHOD_MATCH = YES;
				COPY_PHASE_STRIP = NO;
				DEBUG_INFORMATION_FORMAT = dwarf;
				ENABLE_STRICT_OBJC_MSGSEND = YES;
				ENABLE_TESTABILITY = YES;
				ENABLE_USER_SCRIPT_SANDBOXING = YES;
				GCC_C_LANGUAGE_STANDARD = gnu17;
				GCC_DYNAMIC_NO_PIC = NO;
				GCC_NO_COMMON_BLOCKS = YES;
				GCC_OPTIMIZATION_LEVEL = 0;
				GCC_PREPROCESSOR_DEFINITIONS = (
					"DEBUG=1",
					"$(inherited)",
				);
				GCC_WARN_64_TO_32_BIT_CONVERSION = YES;
				GCC_WARN_ABOUT_RETURN_TYPE = YES_ERROR;
				GCC_WARN_UNDECLARED_SELECTOR = YES;
				GCC_WARN_UNINITIALIZED_AUTOS = YES_AGGRESSIVE;
				GCC_WARN_UNUSED_FUNCTION = YES;
				GCC_WARN_UNUSED_VARIABLE = YES;
				IPHONEOS_DEPLOYMENT_TARGET = 15.0;
				LOCALIZATION_PREFERS_STRING_CATALOGS = YES;
				MTL_ENABLE_DEBUG_INFO = INCLUDE_SOURCE;
				MTL_FAST_MATH = YES;
				ONLY_ACTIVE_ARCH = YES;
				SDKROOT = iphoneos;
				SWIFT_ACTIVE_COMPILATION_CONDITIONS = "DEBUG $(inherited)";
				SWIFT_OPTIMIZATION_LEVEL = "-Onone";
			};
			name = Debug;
		};
		1060B36B2BAF2BD5008356E4 /* Release */ = {
			isa = XCBuildConfiguration;
			buildSettings = {
				ALWAYS_SEARCH_USER_PATHS = NO;
				ASSETCATALOG_COMPILER_GENERATE_SWIFT_ASSET_SYMBOL_EXTENSIONS = YES;
				CLANG_ANALYZER_NONNULL = YES;
				CLANG_ANALYZER_NUMBER_OBJECT_CONVERSION = YES_AGGRESSIVE;
				CLANG_CXX_LANGUAGE_STANDARD = "gnu++20";
				CLANG_ENABLE_MODULES = YES;
				CLANG_ENABLE_OBJC_ARC = YES;
				CLANG_ENABLE_OBJC_WEAK = YES;
				CLANG_WARN_BLOCK_CAPTURE_AUTORELEASING = YES;
				CLANG_WARN_BOOL_CONVERSION = YES;
				CLANG_WARN_COMMA = YES;
				CLANG_WARN_CONSTANT_CONVERSION = YES;
				CLANG_WARN_DEPRECATED_OBJC_IMPLEMENTATIONS = YES;
				CLANG_WARN_DIRECT_OBJC_ISA_USAGE = YES_ERROR;
				CLANG_WARN_DOCUMENTATION_COMMENTS = YES;
				CLANG_WARN_EMPTY_BODY = YES;
				CLANG_WARN_ENUM_CONVERSION = YES;
				CLANG_WARN_INFINITE_RECURSION = YES;
				CLANG_WARN_INT_CONVERSION = YES;
				CLANG_WARN_NON_LITERAL_NULL_CONVERSION = YES;
				CLANG_WARN_OBJC_IMPLICIT_RETAIN_SELF = YES;
				CLANG_WARN_OBJC_LITERAL_CONVERSION = YES;
				CLANG_WARN_OBJC_ROOT_CLASS = YES_ERROR;
				CLANG_WARN_QUOTED_INCLUDE_IN_FRAMEWORK_HEADER = YES;
				CLANG_WARN_RANGE_LOOP_ANALYSIS = YES;
				CLANG_WARN_STRICT_PROTOTYPES = YES;
				CLANG_WARN_SUSPICIOUS_MOVE = YES;
				CLANG_WARN_UNGUARDED_AVAILABILITY = YES_AGGRESSIVE;
				CLANG_WARN_UNREACHABLE_CODE = YES;
				CLANG_WARN__DUPLICATE_METHOD_MATCH = YES;
				COPY_PHASE_STRIP = NO;
				DEBUG_INFORMATION_FORMAT = "dwarf-with-dsym";
				ENABLE_NS_ASSERTIONS = NO;
				ENABLE_STRICT_OBJC_MSGSEND = YES;
				ENABLE_USER_SCRIPT_SANDBOXING = YES;
				GCC_C_LANGUAGE_STANDARD = gnu17;
				GCC_NO_COMMON_BLOCKS = YES;
				GCC_WARN_64_TO_32_BIT_CONVERSION = YES;
				GCC_WARN_ABOUT_RETURN_TYPE = YES_ERROR;
				GCC_WARN_UNDECLARED_SELECTOR = YES;
				GCC_WARN_UNINITIALIZED_AUTOS = YES_AGGRESSIVE;
				GCC_WARN_UNUSED_FUNCTION = YES;
				GCC_WARN_UNUSED_VARIABLE = YES;
				IPHONEOS_DEPLOYMENT_TARGET = 15.0;
				LOCALIZATION_PREFERS_STRING_CATALOGS = YES;
				MTL_ENABLE_DEBUG_INFO = NO;
				MTL_FAST_MATH = YES;
				SDKROOT = iphoneos;
				SWIFT_COMPILATION_MODE = wholemodule;
				VALIDATE_PRODUCT = YES;
			};
			name = Release;
		};
		1060B36D2BAF2BD5008356E4 /* Debug */ = {
			isa = XCBuildConfiguration;
			buildSettings = {
				ASSETCATALOG_COMPILER_APPICON_NAME = AppIcon;
				ASSETCATALOG_COMPILER_GLOBAL_ACCENT_COLOR_NAME = AccentColor;
				CODE_SIGN_ENTITLEMENTS = VPN/VPN.entitlements;
				CODE_SIGN_STYLE = Automatic;
				CURRENT_PROJECT_VERSION = 1;
				DEVELOPMENT_ASSET_PATHS = "\"VPN/Preview Content\"";
				DEVELOPMENT_TEAM = D9HU6JZF2Q;
				ENABLE_PREVIEWS = YES;
				GENERATE_INFOPLIST_FILE = YES;
				INFOPLIST_FILE = VPN/Info.plist;
				INFOPLIST_KEY_LSApplicationCategoryType = "public.app-category.developer-tools";
				INFOPLIST_KEY_UIApplicationSceneManifest_Generation = YES;
				INFOPLIST_KEY_UIApplicationSupportsIndirectInputEvents = YES;
				INFOPLIST_KEY_UILaunchScreen_Generation = YES;
				INFOPLIST_KEY_UISupportedInterfaceOrientations_iPad = "UIInterfaceOrientationPortrait UIInterfaceOrientationPortraitUpsideDown UIInterfaceOrientationLandscapeLeft UIInterfaceOrientationLandscapeRight";
				INFOPLIST_KEY_UISupportedInterfaceOrientations_iPhone = "UIInterfaceOrientationPortrait UIInterfaceOrientationLandscapeLeft UIInterfaceOrientationLandscapeRight";
				IPHONEOS_DEPLOYMENT_TARGET = 15.0;
				LD_RUNPATH_SEARCH_PATHS = (
					"$(inherited)",
					"@executable_path/Frameworks",
				);
				MARKETING_VERSION = 1.0;
				PRODUCT_BUNDLE_IDENTIFIER = work.tkgstrator.VPN;
				PRODUCT_NAME = "$(TARGET_NAME)";
				SUPPORTED_PLATFORMS = "iphoneos iphonesimulator";
				SUPPORTS_MACCATALYST = NO;
				SUPPORTS_MAC_DESIGNED_FOR_IPHONE_IPAD = NO;
				SWIFT_EMIT_LOC_STRINGS = YES;
				SWIFT_VERSION = 5.0;
				TARGETED_DEVICE_FAMILY = "1,2";
			};
			name = Debug;
		};
		1060B36E2BAF2BD5008356E4 /* Release */ = {
			isa = XCBuildConfiguration;
			buildSettings = {
				ASSETCATALOG_COMPILER_APPICON_NAME = AppIcon;
				ASSETCATALOG_COMPILER_GLOBAL_ACCENT_COLOR_NAME = AccentColor;
				CODE_SIGN_ENTITLEMENTS = VPN/VPN.entitlements;
				CODE_SIGN_STYLE = Automatic;
				CURRENT_PROJECT_VERSION = 1;
				DEVELOPMENT_ASSET_PATHS = "\"VPN/Preview Content\"";
				DEVELOPMENT_TEAM = D9HU6JZF2Q;
				ENABLE_PREVIEWS = YES;
				GENERATE_INFOPLIST_FILE = YES;
				INFOPLIST_FILE = VPN/Info.plist;
				INFOPLIST_KEY_LSApplicationCategoryType = "public.app-category.developer-tools";
				INFOPLIST_KEY_UIApplicationSceneManifest_Generation = YES;
				INFOPLIST_KEY_UIApplicationSupportsIndirectInputEvents = YES;
				INFOPLIST_KEY_UILaunchScreen_Generation = YES;
				INFOPLIST_KEY_UISupportedInterfaceOrientations_iPad = "UIInterfaceOrientationPortrait UIInterfaceOrientationPortraitUpsideDown UIInterfaceOrientationLandscapeLeft UIInterfaceOrientationLandscapeRight";
				INFOPLIST_KEY_UISupportedInterfaceOrientations_iPhone = "UIInterfaceOrientationPortrait UIInterfaceOrientationLandscapeLeft UIInterfaceOrientationLandscapeRight";
				IPHONEOS_DEPLOYMENT_TARGET = 15.0;
				LD_RUNPATH_SEARCH_PATHS = (
					"$(inherited)",
					"@executable_path/Frameworks",
				);
				MARKETING_VERSION = 1.0;
				PRODUCT_BUNDLE_IDENTIFIER = work.tkgstrator.VPN;
				PRODUCT_NAME = "$(TARGET_NAME)";
				SUPPORTED_PLATFORMS = "iphoneos iphonesimulator";
				SUPPORTS_MACCATALYST = NO;
				SUPPORTS_MAC_DESIGNED_FOR_IPHONE_IPAD = NO;
				SWIFT_EMIT_LOC_STRINGS = YES;
				SWIFT_VERSION = 5.0;
				TARGETED_DEVICE_FAMILY = "1,2";
			};
			name = Release;
		};
		10C295352BB7D09F00E2F191 /* Debug */ = {
			isa = XCBuildConfiguration;
			buildSettings = {
				CODE_SIGN_ENTITLEMENTS = PacketTunnel/PacketTunnel.entitlements;
				CODE_SIGN_STYLE = Automatic;
				CURRENT_PROJECT_VERSION = 1;
				DEVELOPMENT_TEAM = D9HU6JZF2Q;
				ENABLE_HARDENED_RUNTIME = YES;
				GENERATE_INFOPLIST_FILE = YES;
				INFOPLIST_FILE = PacketTunnel/Info.plist;
				INFOPLIST_KEY_CFBundleDisplayName = PacketTunnel;
				INFOPLIST_KEY_NSHumanReadableCopyright = "";
				IPHONEOS_DEPLOYMENT_TARGET = 15.0;
				LD_RUNPATH_SEARCH_PATHS = (
					"$(inherited)",
					"@executable_path/../Frameworks",
					"@executable_path/../../../../Frameworks",
				);
				MACOSX_DEPLOYMENT_TARGET = 14.0;
				MARKETING_VERSION = 1.0;
				PRODUCT_BUNDLE_IDENTIFIER = work.tkgstrator.VPN.PacketTunnel;
				PRODUCT_NAME = "$(TARGET_NAME)";
				SDKROOT = macosx;
				SKIP_INSTALL = YES;
				SUPPORTED_PLATFORMS = "iphoneos iphonesimulator";
				SUPPORTS_MACCATALYST = NO;
				SWIFT_EMIT_LOC_STRINGS = YES;
				SWIFT_VERSION = 5.0;
				TARGETED_DEVICE_FAMILY = "1,2";
			};
			name = Debug;
		};
		10C295362BB7D09F00E2F191 /* Release */ = {
			isa = XCBuildConfiguration;
			buildSettings = {
				CODE_SIGN_ENTITLEMENTS = PacketTunnel/PacketTunnel.entitlements;
				CODE_SIGN_STYLE = Automatic;
				CURRENT_PROJECT_VERSION = 1;
				DEVELOPMENT_TEAM = D9HU6JZF2Q;
				ENABLE_HARDENED_RUNTIME = YES;
				GENERATE_INFOPLIST_FILE = YES;
				INFOPLIST_FILE = PacketTunnel/Info.plist;
				INFOPLIST_KEY_CFBundleDisplayName = PacketTunnel;
				INFOPLIST_KEY_NSHumanReadableCopyright = "";
				IPHONEOS_DEPLOYMENT_TARGET = 15.0;
				LD_RUNPATH_SEARCH_PATHS = (
					"$(inherited)",
					"@executable_path/../Frameworks",
					"@executable_path/../../../../Frameworks",
				);
				MACOSX_DEPLOYMENT_TARGET = 14.0;
				MARKETING_VERSION = 1.0;
				PRODUCT_BUNDLE_IDENTIFIER = work.tkgstrator.VPN.PacketTunnel;
				PRODUCT_NAME = "$(TARGET_NAME)";
				SDKROOT = macosx;
				SKIP_INSTALL = YES;
				SUPPORTED_PLATFORMS = "iphoneos iphonesimulator";
				SUPPORTS_MACCATALYST = NO;
				SWIFT_EMIT_LOC_STRINGS = YES;
				SWIFT_VERSION = 5.0;
				TARGETED_DEVICE_FAMILY = "1,2";
			};
			name = Release;
		};
/* End XCBuildConfiguration section */

/* Begin XCConfigurationList section */
		1060B3592BAF2BD4008356E4 /* Build configuration list for PBXProject "VPN" */ = {
			isa = XCConfigurationList;
			buildConfigurations = (
				1060B36A2BAF2BD5008356E4 /* Debug */,
				1060B36B2BAF2BD5008356E4 /* Release */,
			);
			defaultConfigurationIsVisible = 0;
			defaultConfigurationName = Release;
		};
		1060B36C2BAF2BD5008356E4 /* Build configuration list for PBXNativeTarget "VPN" */ = {
			isa = XCConfigurationList;
			buildConfigurations = (
				1060B36D2BAF2BD5008356E4 /* Debug */,
				1060B36E2BAF2BD5008356E4 /* Release */,
			);
			defaultConfigurationIsVisible = 0;
			defaultConfigurationName = Release;
		};
		10C295342BB7D09F00E2F191 /* Build configuration list for PBXNativeTarget "PacketTunnel" */ = {
			isa = XCConfigurationList;
			buildConfigurations = (
				10C295352BB7D09F00E2F191 /* Debug */,
				10C295362BB7D09F00E2F191 /* Release */,
			);
			defaultConfigurationIsVisible = 0;
			defaultConfigurationName = Release;
		};
/* End XCConfigurationList section */

/* Begin XCLocalSwiftPackageReference section */
		10C295512BB862FE00E2F191 /* XCLocalSwiftPackageReference ".." */ = {
			isa = XCLocalSwiftPackageReference;
			relativePath = ..;
		};
/* End XCLocalSwiftPackageReference section */

/* Begin XCSwiftPackageProductDependency section */
		10C295372BB7D0A400E2F191 /* Mudmouth */ = {
			isa = XCSwiftPackageProductDependency;
			productName = Mudmouth;
		};
		10C295462BB7D36500E2F191 /* Mudmouth */ = {
			isa = XCSwiftPackageProductDependency;
			productName = Mudmouth;
		};
		10C2954F2BB814D000E2F191 /* Mudmouth */ = {
			isa = XCSwiftPackageProductDependency;
			productName = Mudmouth;
		};
		10C295522BB862FE00E2F191 /* Mudmouth */ = {
			isa = XCSwiftPackageProductDependency;
			productName = Mudmouth;
		};
/* End XCSwiftPackageProductDependency section */
	};
	rootObject = 1060B3562BAF2BD4008356E4 /* Project object */;
}
